
Microsoft Visual Studio Solution File, Format Version 12.00
# Visual Studio Version 17
VisualStudioVersion = 17.5.002.0
MinimumVisualStudioVersion = 10.0.40219.1
Project("{9A19103F-16F7-4668-BE54-9A1E7A4F7556}") = "Informatics.SpDemo", "Informatics.SpDemo.csproj", "{3C88D5BC-5CA5-47FD-B883-09C1584B913C}"
EndProject
Global
	GlobalSection(SolutionConfigurationPlatforms) = preSolution
		Debug|Any CPU = Debug|Any CPU
		Release|Any CPU = Release|Any CPU
	EndGlobalSection
	GlobalSection(ProjectConfigurationPlatforms) = postSolution
		{3C88D5BC-5CA5-47FD-B883-09C1584B913C}.Debug|Any CPU.ActiveCfg = Debug|Any CPU
		{3C88D5BC-5CA5-47FD-B883-09C1584B913C}.Debug|Any CPU.Build.0 = Debug|Any CPU
		{3C88D5BC-5CA5-47FD-B883-09C1584B913C}.Release|Any CPU.ActiveCfg = Release|Any CPU
		{3C88D5BC-5CA5-47FD-B883-09C1584B913C}.Release|Any CPU.Build.0 = Release|Any CPU
	EndGlobalSection
	GlobalSection(SolutionProperties) = preSolution
		HideSolutionNode = FALSE
	EndGlobalSection
	GlobalSection(ExtensibilityGlobals) = postSolution
		SolutionGuid = {F148881D-B8C9-46C2-BC6D-247C72068951}
	EndGlobalSection
EndGlobal
